
Microsoft Visual Studio Solution File, Format Version 12.00
# Visual Studio 15
VisualStudioVersion = 15.0.28010.2050
MinimumVisualStudioVersion = 10.0.40219.1
Project("{FAE04EC0-301F-11D3-BF4B-00C04F79EFBC}") = "Task184", "Task184\Task184.csproj", "{C735CC5C-79AF-414E-A3B0-7040C9232819}"
EndProject
Project("{FAE04EC0-301F-11D3-BF4B-00C04F79EFBC}") = "Task176", "Task176\Task176.csproj", "{AD84216C-9F85-4213-9A1B-F0DE873E1B0B}"
EndProject
Project("{FAE04EC0-301F-11D3-BF4B-00C04F79EFBC}") = "Task179", "Task179\Task179.csproj", "{CFC03ADE-56E5-421A-BDFA-52BF09116BC1}"
EndProject
Project("{FAE04EC0-301F-11D3-BF4B-00C04F79EFBC}") = "Task183", "Task183\Task183.csproj", "{FB8FA376-D377-45DC-85A8-C3D16AB5D7A3}"
EndProject
Project("{FAE04EC0-301F-11D3-BF4B-00C04F79EFBC}") = "Task182", "Task182\Task182.csproj", "{7CB76E8F-6837-48F9-AD09-95BA23725A8E}"
EndProject
Project("{FAE04EC0-301F-11D3-BF4B-00C04F79EFBC}") = "Task177", "Task177\Task177.csproj", "{FDED3A67-F697-425C-9C9B-63E9DC999265}"
EndProject
Project("{FAE04EC0-301F-11D3-BF4B-00C04F79EFBC}") = "Task181", "Task181\Task181.csproj", "{83DB5763-4469-4350-88A4-2F6B6A280982}"
EndProject
Project("{FAE04EC0-301F-11D3-BF4B-00C04F79EFBC}") = "Task178", "Task178\Task178.csproj", "{F28F7CED-A360-4A30-BAC6-438B19FF3933}"
EndProject
Project("{FAE04EC0-301F-11D3-BF4B-00C04F79EFBC}") = "Task175", "Task175\Task175.csproj", "{7D9F6775-D284-4F47-80AB-FCEC6BB1B7F7}"
EndProject
Project("{FAE04EC0-301F-11D3-BF4B-00C04F79EFBC}") = "Task180", "Task180\Task180.csproj", "{FF49871E-F33C-4ED9-B867-0CA89D65865E}"
EndProject
Project("{FAE04EC0-301F-11D3-BF4B-00C04F79EFBC}") = "Task187", "Task187\Task187.csproj", "{44A1CFCD-4D6F-4504-B268-4F50FF928E02}"
EndProject
Project("{FAE04EC0-301F-11D3-BF4B-00C04F79EFBC}") = "Task186", "Task186\Task186.csproj", "{1321736C-EE64-4C9F-A586-22F6720DAD63}"
EndProject
Project("{FAE04EC0-301F-11D3-BF4B-00C04F79EFBC}") = "Task185", "Task185\Task185.csproj", "{0324EA2F-A827-4C98-9488-6A5CE8C4F60A}"
EndProject
Global
	GlobalSection(SolutionConfigurationPlatforms) = preSolution
		Debug|Any CPU = Debug|Any CPU
		Release|Any CPU = Release|Any CPU
	EndGlobalSection
	GlobalSection(ProjectConfigurationPlatforms) = postSolution
		{C735CC5C-79AF-414E-A3B0-7040C9232819}.Debug|Any CPU.ActiveCfg = Debug|Any CPU
		{C735CC5C-79AF-414E-A3B0-7040C9232819}.Debug|Any CPU.Build.0 = Debug|Any CPU
		{C735CC5C-79AF-414E-A3B0-7040C9232819}.Release|Any CPU.ActiveCfg = Release|Any CPU
		{C735CC5C-79AF-414E-A3B0-7040C9232819}.Release|Any CPU.Build.0 = Release|Any CPU
		{AD84216C-9F85-4213-9A1B-F0DE873E1B0B}.Debug|Any CPU.ActiveCfg = Debug|Any CPU
		{AD84216C-9F85-4213-9A1B-F0DE873E1B0B}.Debug|Any CPU.Build.0 = Debug|Any CPU
		{AD84216C-9F85-4213-9A1B-F0DE873E1B0B}.Release|Any CPU.ActiveCfg = Release|Any CPU
		{AD84216C-9F85-4213-9A1B-F0DE873E1B0B}.Release|Any CPU.Build.0 = Release|Any CPU
		{CFC03ADE-56E5-421A-BDFA-52BF09116BC1}.Debug|Any CPU.ActiveCfg = Debug|Any CPU
		{CFC03ADE-56E5-421A-BDFA-52BF09116BC1}.Debug|Any CPU.Build.0 = Debug|Any CPU
		{CFC03ADE-56E5-421A-BDFA-52BF09116BC1}.Release|Any CPU.ActiveCfg = Release|Any CPU
		{CFC03ADE-56E5-421A-BDFA-52BF09116BC1}.Release|Any CPU.Build.0 = Release|Any CPU
		{FB8FA376-D377-45DC-85A8-C3D16AB5D7A3}.Debug|Any CPU.ActiveCfg = Debug|Any CPU
		{FB8FA376-D377-45DC-85A8-C3D16AB5D7A3}.Debug|Any CPU.Build.0 = Debug|Any CPU
		{FB8FA376-D377-45DC-85A8-C3D16AB5D7A3}.Release|Any CPU.ActiveCfg = Release|Any CPU
		{FB8FA376-D377-45DC-85A8-C3D16AB5D7A3}.Release|Any CPU.Build.0 = Release|Any CPU
		{7CB76E8F-6837-48F9-AD09-95BA23725A8E}.Debug|Any CPU.ActiveCfg = Debug|Any CPU
		{7CB76E8F-6837-48F9-AD09-95BA23725A8E}.Debug|Any CPU.Build.0 = Debug|Any CPU
		{7CB76E8F-6837-48F9-AD09-95BA23725A8E}.Release|Any CPU.ActiveCfg = Release|Any CPU
		{7CB76E8F-6837-48F9-AD09-95BA23725A8E}.Release|Any CPU.Build.0 = Release|Any CPU
		{FDED3A67-F697-425C-9C9B-63E9DC999265}.Debug|Any CPU.ActiveCfg = Debug|Any CPU
		{FDED3A67-F697-425C-9C9B-63E9DC999265}.Debug|Any CPU.Build.0 = Debug|Any CPU
		{FDED3A67-F697-425C-9C9B-63E9DC999265}.Release|Any CPU.ActiveCfg = Release|Any CPU
		{FDED3A67-F697-425C-9C9B-63E9DC999265}.Release|Any CPU.Build.0 = Release|Any CPU
		{83DB5763-4469-4350-88A4-2F6B6A280982}.Debug|Any CPU.ActiveCfg = Debug|Any CPU
		{83DB5763-4469-4350-88A4-2F6B6A280982}.Debug|Any CPU.Build.0 = Debug|Any CPU
		{83DB5763-4469-4350-88A4-2F6B6A280982}.Release|Any CPU.ActiveCfg = Release|Any CPU
		{83DB5763-4469-4350-88A4-2F6B6A280982}.Release|Any CPU.Build.0 = Release|Any CPU
		{F28F7CED-A360-4A30-BAC6-438B19FF3933}.Debug|Any CPU.ActiveCfg = Debug|Any CPU
		{F28F7CED-A360-4A30-BAC6-438B19FF3933}.Debug|Any CPU.Build.0 = Debug|Any CPU
		{F28F7CED-A360-4A30-BAC6-438B19FF3933}.Release|Any CPU.ActiveCfg = Release|Any CPU
		{F28F7CED-A360-4A30-BAC6-438B19FF3933}.Release|Any CPU.Build.0 = Release|Any CPU
		{7D9F6775-D284-4F47-80AB-FCEC6BB1B7F7}.Debug|Any CPU.ActiveCfg = Debug|Any CPU
		{7D9F6775-D284-4F47-80AB-FCEC6BB1B7F7}.Debug|Any CPU.Build.0 = Debug|Any CPU
		{7D9F6775-D284-4F47-80AB-FCEC6BB1B7F7}.Release|Any CPU.ActiveCfg = Release|Any CPU
		{7D9F6775-D284-4F47-80AB-FCEC6BB1B7F7}.Release|Any CPU.Build.0 = Release|Any CPU
		{FF49871E-F33C-4ED9-B867-0CA89D65865E}.Debug|Any CPU.ActiveCfg = Debug|Any CPU
		{FF49871E-F33C-4ED9-B867-0CA89D65865E}.Debug|Any CPU.Build.0 = Debug|Any CPU
		{FF49871E-F33C-4ED9-B867-0CA89D65865E}.Release|Any CPU.ActiveCfg = Release|Any CPU
		{FF49871E-F33C-4ED9-B867-0CA89D65865E}.Release|Any CPU.Build.0 = Release|Any CPU
		{44A1CFCD-4D6F-4504-B268-4F50FF928E02}.Debug|Any CPU.ActiveCfg = Debug|Any CPU
		{44A1CFCD-4D6F-4504-B268-4F50FF928E02}.Debug|Any CPU.Build.0 = Debug|Any CPU
		{44A1CFCD-4D6F-4504-B268-4F50FF928E02}.Release|Any CPU.ActiveCfg = Release|Any CPU
		{44A1CFCD-4D6F-4504-B268-4F50FF928E02}.Release|Any CPU.Build.0 = Release|Any CPU
		{1321736C-EE64-4C9F-A586-22F6720DAD63}.Debug|Any CPU.ActiveCfg = Debug|Any CPU
		{1321736C-EE64-4C9F-A586-22F6720DAD63}.Debug|Any CPU.Build.0 = Debug|Any CPU
		{1321736C-EE64-4C9F-A586-22F6720DAD63}.Release|Any CPU.ActiveCfg = Release|Any CPU
		{1321736C-EE64-4C9F-A586-22F6720DAD63}.Release|Any CPU.Build.0 = Release|Any CPU
		{0324EA2F-A827-4C98-9488-6A5CE8C4F60A}.Debug|Any CPU.ActiveCfg = Debug|Any CPU
		{0324EA2F-A827-4C98-9488-6A5CE8C4F60A}.Debug|Any CPU.Build.0 = Debug|Any CPU
		{0324EA2F-A827-4C98-9488-6A5CE8C4F60A}.Release|Any CPU.ActiveCfg = Release|Any CPU
		{0324EA2F-A827-4C98-9488-6A5CE8C4F60A}.Release|Any CPU.Build.0 = Release|Any CPU
	EndGlobalSection
	GlobalSection(SolutionProperties) = preSolution
		HideSolutionNode = FALSE
	EndGlobalSection
	GlobalSection(ExtensibilityGlobals) = postSolution
		SolutionGuid = {1CEEFD01-D896-45A1-905C-4F1DBC76A292}
	EndGlobalSection
EndGlobal
